
Microsoft Visual Studio Solution File, Format Version 12.00
# Visual Studio 15
VisualStudioVersion = 15.0.28307.136
MinimumVisualStudioVersion = 10.0.40219.1
Project("{FAE04EC0-301F-11D3-BF4B-00C04F79EFBC}") = "AngularTestApp1", "AngularTestApp1\AngularTestApp1.csproj", "{3C839F7E-2C5B-4A54-9D6F-435DFB42D448}"
EndProject
Global
	GlobalSection(SolutionConfigurationPlatforms) = preSolution
		Debug|Any CPU = Debug|Any CPU
		Release|Any CPU = Release|Any CPU
	EndGlobalSection
	GlobalSection(ProjectConfigurationPlatforms) = postSolution
		{3C839F7E-2C5B-4A54-9D6F-435DFB42D448}.Debug|Any CPU.ActiveCfg = Debug|Any CPU
		{3C839F7E-2C5B-4A54-9D6F-435DFB42D448}.Debug|Any CPU.Build.0 = Debug|Any CPU
		{3C839F7E-2C5B-4A54-9D6F-435DFB42D448}.Release|Any CPU.ActiveCfg = Release|Any CPU
		{3C839F7E-2C5B-4A54-9D6F-435DFB42D448}.Release|Any CPU.Build.0 = Release|Any CPU
	EndGlobalSection
	GlobalSection(SolutionProperties) = preSolution
		HideSolutionNode = FALSE
	EndGlobalSection
	GlobalSection(ExtensibilityGlobals) = postSolution
		SolutionGuid = {DA8326D0-F60F-4788-A2B7-EF759898E021}
	EndGlobalSection
EndGlobal
